{
    "_readme": [
        "This file locks the dependencies of your project to a known state",
        "Read more about it at https://getcomposer.org/doc/01-basic-usage.md#composer-lock-the-lock-file",
        "This file is @generated automatically"
    ],
    "content-hash": "d64754def41f221e5072a098e6cccdc1",
    "packages": [
        {
            "name": "aliyuncs/oss-sdk-php",
            "version": "v2.2.4",
            "source": {
                "type": "git",
                "url": "https://github.com/aliyun/aliyun-oss-php-sdk.git",
                "reference": "0b9b85b6c5c38cfc4ef3b0205a5a62d1e36acf2e"
            },
            "dist": {
                "type": "zip",
                "url": "https://api.github.com/repos/aliyun/aliyun-oss-php-sdk/zipball/0b9b85b6c5c38cfc4ef3b0205a5a62d1e36acf2e",
                "reference": "0b9b85b6c5c38cfc4ef3b0205a5a62d1e36acf2e",
                "shasum": ""
            },
            "require": {
                "php": ">=5.3"
            },
            "require-dev": {
                "phpunit/phpunit": "~4.0",
                "satooshi/php-coveralls": "~1.0"
            },
            "type": "library",
            "autoload": {
                "psr-4": {
                    "OSS\\": "src/OSS"
                }
            },
            "notification-url": "https://packagist.org/downloads/",
            "license": [
                "MIT"
            ],
            "authors": [
                {
                    "name": "Aliyuncs",
                    "homepage": "http://www.aliyun.com"
                }
            ],
            "description": "Aliyun OSS SDK for PHP",
            "homepage": "http://www.aliyun.com/product/oss/",
            "time": "2017-04-25T09:15:12+00:00"
        },
        {
            "name": "flc/dysms",
            "version": "v1.0.1",
            "source": {
                "type": "git",
                "url": "https://github.com/flc1125/dysms.git",
                "reference": "a60645c6b35a15fe7fed6282784d2094368fc8f5"
            },
            "dist": {
                "type": "zip",
                "url": "https://api.github.com/repos/flc1125/dysms/zipball/a60645c6b35a15fe7fed6282784d2094368fc8f5",
                "reference": "a60645c6b35a15fe7fed6282784d2094368fc8f5",
                "shasum": ""
            },
            "require": {
                "php": ">=5.4.0"
            },
            "type": "library",
            "autoload": {
                "psr-4": {
                    "Flc\\Dysms\\": "src/"
                }
            },
            "notification-url": "https://packagist.org/downloads/",
            "license": [
                "MIT"
            ],
            "description": "阿里短信-适用Laravel、Yii、Thinkphp等任何PHP项目...",
            "keywords": [
                "dysms",
                "flc",
                "阿里短信"
            ],
            "time": "2017-08-12T03:35:57+00:00"
        },
        {
            "name": "jpush/jpush",
            "version": "v3.5.23",
            "source": {
                "type": "git",
                "url": "https://github.com/jpush/jpush-api-php-client.git",
                "reference": "921b491fa36e96d58431cefade5f4782d09690e4"
            },
            "dist": {
                "type": "zip",
                "url": "https://api.github.com/repos/jpush/jpush-api-php-client/zipball/921b491fa36e96d58431cefade5f4782d09690e4",
                "reference": "921b491fa36e96d58431cefade5f4782d09690e4",
                "shasum": ""
            },
            "require": {
                "ext-curl": "*",
                "php": ">=5.3.3"
            },
            "require-dev": {
                "phpunit/phpunit": "*"
            },
            "type": "library",
            "autoload": {
                "psr-4": {
                    "JPush\\": "src/JPush/"
                }
            },
            "notification-url": "https://packagist.org/downloads/",
            "license": [
                "MIT"
            ],
            "authors": [
                {
                    "name": "JPush",
                    "email": "support@jpush.cn",
                    "homepage": "https://www.jpush.cn/",
                    "role": "Developer"
                }
            ],
            "description": "JPush API PHP Client",
            "homepage": "https://github.com/jpush/jpush-api-php-client",
            "time": "2017-10-16T04:27:45+00:00"
        },
        {
            "name": "luoyt/auth",
            "version": "1.0",
            "source": {
                "type": "git",
                "url": "https://github.com/luoyt/auth.git",
                "reference": "d8f6147754284c04eb9f8cab9db05ab9e0fb53d6"
            },
            "dist": {
                "type": "zip",
                "url": "https://api.github.com/repos/luoyt/auth/zipball/d8f6147754284c04eb9f8cab9db05ab9e0fb53d6",
                "reference": "d8f6147754284c04eb9f8cab9db05ab9e0fb53d6",
                "shasum": ""
            },
            "require": {
                "php": ">=5.4.4"
            },
            "type": "library",
            "autoload": {
                "psr-4": {
                    "luoyt\\auth\\": "src/"
                }
            },
            "notification-url": "https://packagist.org/downloads/",
            "license": [
                "MIT"
            ],
            "authors": [
                {
                    "name": "luoyt",
                    "email": "501244162@qq.com"
                }
            ],
            "description": "thinkphp5 auth",
            "time": "2016-11-11T06:00:25+00:00"
        },
        {
            "name": "nette/mail",
            "version": "v2.4.4",
            "source": {
                "type": "git",
                "url": "https://github.com/nette/mail.git",
                "reference": "fc651794923e0f44d6bd89afca4a16873c8f269c"
            },
            "dist": {
                "type": "zip",
                "url": "https://api.github.com/repos/nette/mail/zipball/fc651794923e0f44d6bd89afca4a16873c8f269c",
                "reference": "fc651794923e0f44d6bd89afca4a16873c8f269c",
                "shasum": ""
            },
            "require": {
                "ext-iconv": "*",
                "nette/utils": "^2.4 || ~3.0.0",
                "php": ">=5.6.0"
            },
            "conflict": {
                "nette/nette": "<2.2"
            },
            "require-dev": {
                "nette/di": "^2.4 || ~3.0.0",
                "nette/tester": "^2.0",
                "tracy/tracy": "^2.4"
            },
            "suggest": {
                "ext-fileinfo": "to detect type of attached files"
            },
            "type": "library",
            "extra": {
                "branch-alias": {
                    "dev-master": "2.4-dev"
                }
            },
            "autoload": {
                "classmap": [
                    "src/"
                ]
            },
            "notification-url": "https://packagist.org/downloads/",
            "license": [
                "BSD-3-Clause",
                "GPL-2.0",
                "GPL-3.0"
            ],
            "authors": [
                {
                    "name": "David Grudl",
                    "homepage": "https://davidgrudl.com"
                },
                {
                    "name": "Nette Community",
                    "homepage": "https://nette.org/contributors"
                }
            ],
            "description": "📧 Nette Mail: handy email creation and transfer library for PHP with both text and MIME-compliant support.",
            "homepage": "https://nette.org",
            "keywords": [
                "mail",
                "mailer",
                "mime",
                "nette",
                "smtp"
            ],
            "time": "2017-12-05T11:26:49+00:00"
        },
        {
            "name": "nette/utils",
            "version": "v2.5.1",
            "source": {
                "type": "git",
                "url": "https://github.com/nette/utils.git",
                "reference": "8a85ce76298c8a8941f912b8fa3ee93ca17d2ebc"
            },
            "dist": {
                "type": "zip",
                "url": "https://api.github.com/repos/nette/utils/zipball/8a85ce76298c8a8941f912b8fa3ee93ca17d2ebc",
                "reference": "8a85ce76298c8a8941f912b8fa3ee93ca17d2ebc",
                "shasum": ""
            },
            "require": {
                "php": ">=5.6.0"
            },
            "conflict": {
                "nette/nette": "<2.2"
            },
            "require-dev": {
                "nette/tester": "~2.0",
                "tracy/tracy": "^2.3"
            },
            "suggest": {
                "ext-gd": "to use Image",
                "ext-iconv": "to use Strings::webalize() and toAscii()",
                "ext-intl": "for script transliteration in Strings::webalize() and toAscii()",
                "ext-json": "to use Nette\\Utils\\Json",
                "ext-mbstring": "to use Strings::lower() etc...",
                "ext-xml": "to use Strings::length() etc. when mbstring is not available"
            },
            "type": "library",
            "extra": {
                "branch-alias": {
                    "dev-master": "2.5-dev"
                }
            },
            "autoload": {
                "classmap": [
                    "src/"
                ],
                "files": [
                    "src/loader.php"
                ]
            },
            "notification-url": "https://packagist.org/downloads/",
            "license": [
                "BSD-3-Clause",
                "GPL-2.0",
                "GPL-3.0"
            ],
            "authors": [
                {
                    "name": "David Grudl",
                    "homepage": "https://davidgrudl.com"
                },
                {
                    "name": "Nette Community",
                    "homepage": "https://nette.org/contributors"
                }
            ],
            "description": "🛠 Nette Utils: lightweight utilities for string & array manipulation, image handling, safe JSON encoding/decoding, validation, slug or strong password generating etc.",
            "homepage": "https://nette.org",
            "keywords": [
                "array",
                "core",
                "datetime",
                "images",
                "json",
                "nette",
                "paginator",
                "password",
                "slugify",
                "string",
                "unicode",
                "utf-8",
                "utility",
                "validation"
            ],
            "time": "2018-02-19T14:42:42+00:00"
        },
        {
            "name": "terranc/blade",
            "version": "0.1.0",
            "source": {
                "type": "git",
                "url": "https://github.com/terranc/blade.git",
                "reference": "e6a879aaa1b45c7f779a69d4831db2f7e6d66e73"
            },
            "dist": {
                "type": "zip",
                "url": "https://api.github.com/repos/terranc/blade/zipball/e6a879aaa1b45c7f779a69d4831db2f7e6d66e73",
                "reference": "e6a879aaa1b45c7f779a69d4831db2f7e6d66e73",
                "shasum": ""
            },
            "require": {
                "php": ">=5.4.0"
            },
            "type": "library",
            "autoload": {
                "files": [
                    "src/helpers.php"
                ],
                "psr-4": {
                    "terranc\\Blade\\": "src/"
                }
            },
            "notification-url": "https://packagist.org/downloads/",
            "license": [
                "MIT"
            ],
            "authors": [
                {
                    "name": "terranc",
                    "email": "terran.chao@lookfeel.co"
                }
            ],
            "description": "an independent version of laravel view template - blade",
            "homepage": "http://0x1.im",
            "time": "2017-02-04T05:29:43+00:00"
        },
        {
            "name": "terranc/think-blade",
            "version": "1.0.2",
            "source": {
                "type": "git",
                "url": "https://github.com/terranc/think-blade.git",
                "reference": "20c2d86e15bd782f0e2ff9e77c4ecad47558ff62"
            },
            "dist": {
                "type": "zip",
                "url": "https://api.github.com/repos/terranc/think-blade/zipball/20c2d86e15bd782f0e2ff9e77c4ecad47558ff62",
                "reference": "20c2d86e15bd782f0e2ff9e77c4ecad47558ff62",
                "shasum": ""
            },
            "require": {
                "php": ">=5.4.0",
                "terranc/blade": "^0.1"
            },
            "type": "library",
            "autoload": {
                "classmap": [
                    {
                        "think\\view\\driver\\Blade": "drivers/thinkphp5/Blade.php"
                    }
                ]
            },
            "notification-url": "https://packagist.org/downloads/",
            "license": [
                "Apache2"
            ],
            "authors": [
                {
                    "name": "terranc",
                    "email": "terran.chao@lookfeel.co"
                }
            ],
            "description": "think blade view engine",
            "time": "2017-02-05T12:15:51+00:00"
        },
        {
            "name": "topthink/framework",
            "version": "v5.0.12",
            "source": {
                "type": "git",
                "url": "https://github.com/top-think/framework.git",
                "reference": "0fb51680e8d62495d27f17a0e6cf889b763a6d3c"
            },
            "dist": {
                "type": "zip",
                "url": "https://api.github.com/repos/top-think/framework/zipball/0fb51680e8d62495d27f17a0e6cf889b763a6d3c",
                "reference": "0fb51680e8d62495d27f17a0e6cf889b763a6d3c",
                "shasum": ""
            },
            "require": {
                "php": ">=5.4.0",
                "topthink/think-installer": "~1.0"
            },
            "require-dev": {
                "johnkary/phpunit-speedtrap": "^1.0",
                "mikey179/vfsstream": "~1.6",
                "phpdocumentor/reflection-docblock": "^2.0",
                "phploc/phploc": "2.*",
                "phpunit/phpunit": "4.8.*",
                "sebastian/phpcpd": "2.*"
            },
            "type": "think-framework",
            "autoload": {
                "psr-4": {
                    "think\\": "library/think"
                }
            },
            "notification-url": "https://packagist.org/downloads/",
            "license": [
                "Apache-2.0"
            ],
            "authors": [
                {
                    "name": "liu21st",
                    "email": "liu21st@gmail.com"
                }
            ],
            "description": "the new thinkphp framework",
            "homepage": "http://thinkphp.cn/",
            "keywords": [
                "framework",
                "orm",
                "thinkphp"
            ],
            "time": "2017-11-06T01:19:03+00:00"
        },
        {
            "name": "topthink/think-installer",
            "version": "v1.0.12",
            "source": {
                "type": "git",
                "url": "https://github.com/top-think/think-installer.git",
                "reference": "1be326e68f63de4e95977ed50f46ae75f017556d"
            },
            "dist": {
                "type": "zip",
                "url": "https://api.github.com/repos/top-think/think-installer/zipball/1be326e68f63de4e95977ed50f46ae75f017556d",
                "reference": "1be326e68f63de4e95977ed50f46ae75f017556d",
                "shasum": ""
            },
            "require": {
                "composer-plugin-api": "^1.0"
            },
            "require-dev": {
                "composer/composer": "1.0.*@dev"
            },
            "type": "composer-plugin",
            "extra": {
                "class": "think\\composer\\Plugin"
            },
            "autoload": {
                "psr-4": {
                    "think\\composer\\": "src"
                }
            },
            "notification-url": "https://packagist.org/downloads/",
            "license": [
                "Apache-2.0"
            ],
            "authors": [
                {
                    "name": "yunwuxin",
                    "email": "448901948@qq.com"
                }
            ],
            "time": "2017-05-27T06:58:09+00:00"
        },
        {
            "name": "topthink/think-migration",
            "version": "v2.0.2",
            "source": {
                "type": "git",
                "url": "https://github.com/top-think/think-migration.git",
                "reference": "debc818a4e3b3baff2f7295f1e693653c5ebd02e"
            },
            "dist": {
                "type": "zip",
                "url": "https://api.github.com/repos/top-think/think-migration/zipball/debc818a4e3b3baff2f7295f1e693653c5ebd02e",
                "reference": "debc818a4e3b3baff2f7295f1e693653c5ebd02e",
                "shasum": ""
            },
            "require-dev": {
                "topthink/framework": "5.1.x-dev"
            },
            "type": "library",
            "autoload": {
                "psr-4": {
                    "Phinx\\": "phinx/src/Phinx",
                    "think\\migration\\": "src"
                },
                "files": [
                    "src/config.php"
                ]
            },
            "notification-url": "https://packagist.org/downloads/",
            "license": [
                "Apache-2.0"
            ],
            "authors": [
                {
                    "name": "yunwuxin",
                    "email": "448901948@qq.com"
                }
            ],
            "time": "2017-10-23T06:22:42+00:00"
        },
        {
            "name": "webonyx/graphql-php",
            "version": "v0.11.2",
            "source": {
                "type": "git",
                "url": "https://github.com/webonyx/graphql-php.git",
                "reference": "b17b1c33366d07877feb4299f207a420fbfe53b5"
            },
            "dist": {
                "type": "zip",
                "url": "https://api.github.com/repos/webonyx/graphql-php/zipball/b17b1c33366d07877feb4299f207a420fbfe53b5",
                "reference": "b17b1c33366d07877feb4299f207a420fbfe53b5",
                "shasum": ""
            },
            "require": {
                "ext-mbstring": "*",
                "php": ">=5.5,<8.0-DEV"
            },
            "require-dev": {
                "phpunit/phpunit": "^4.8",
                "psr/http-message": "^1.0"
            },
            "suggest": {
                "psr/http-message": "To use standard GraphQL server",
                "react/promise": "To leverage async resolving on React PHP platform"
            },
            "type": "library",
            "autoload": {
                "files": [
                    "src/deprecated.php"
                ],
                "psr-4": {
                    "GraphQL\\": "src/"
                }
            },
            "notification-url": "https://packagist.org/downloads/",
            "license": [
                "BSD"
            ],
            "description": "A PHP port of GraphQL reference implementation",
            "homepage": "https://github.com/webonyx/graphql-php",
            "keywords": [
                "api",
                "graphql"
            ],
            "time": "2017-10-13T17:45:55+00:00"
        },
        {
            "name": "wxpay/wxpay",
            "version": "0.0.5",
            "source": {
                "type": "git",
                "url": "https://github.com/wxpay/WXPay-SDK-PHP.git",
                "reference": "6bf6918257886b35327d86371a05f145997b8deb"
            },
            "dist": {
                "type": "zip",
                "url": "https://api.github.com/repos/wxpay/WXPay-SDK-PHP/zipball/6bf6918257886b35327d86371a05f145997b8deb",
                "reference": "6bf6918257886b35327d86371a05f145997b8deb",
                "shasum": ""
            },
            "type": "library",
            "autoload": {
                "psr-4": {
                    "WXPay\\": "src/"
                }
            },
            "notification-url": "https://packagist.org/downloads/",
            "license": [
                "BSD"
            ],
            "description": "微信支付 PHP SDK",
            "keywords": [
                "pay",
                "sdk",
                "wechat"
            ],
            "time": "2017-03-13T13:19:01+00:00"
        }
    ],
    "packages-dev": [],
    "aliases": [],
    "minimum-stability": "stable",
    "stability-flags": [],
    "prefer-stable": false,
    "prefer-lowest": false,
    "platform": {
        "php": ">=5.4.0"
    },
    "platform-dev": []
}
